
Microsoft Visual Studio Solution File, Format Version 12.00
# Visual Studio Version 17
VisualStudioVersion = 17.10.35027.167
MinimumVisualStudioVersion = 10.0.40219.1
Project("{FAE04EC0-301F-11D3-BF4B-00C04F79EFBC}") = "Notebad", "Notebad.csproj", "{4847878C-378F-4BF6-BEFE-C24EAA8F0786}"
EndProject
Global
	GlobalSection(SolutionConfigurationPlatforms) = preSolution
		Debug|Any CPU = Debug|Any CPU
		Release|Any CPU = Release|Any CPU
	EndGlobalSection
	GlobalSection(ProjectConfigurationPlatforms) = postSolution
		{4847878C-378F-4BF6-BEFE-C24EAA8F0786}.Debug|Any CPU.ActiveCfg = Debug|Any CPU
		{4847878C-378F-4BF6-BEFE-C24EAA8F0786}.Debug|Any CPU.Build.0 = Debug|Any CPU
		{4847878C-378F-4BF6-BEFE-C24EAA8F0786}.Release|Any CPU.ActiveCfg = Release|Any CPU
		{4847878C-378F-4BF6-BEFE-C24EAA8F0786}.Release|Any CPU.Build.0 = Release|Any CPU
	EndGlobalSection
	GlobalSection(SolutionProperties) = preSolution
		HideSolutionNode = FALSE
	EndGlobalSection
	GlobalSection(ExtensibilityGlobals) = postSolution
		SolutionGuid = {AF88E65B-1B4C-4E34-BC46-E782CAFCD504}
	EndGlobalSection
EndGlobal
